
Microsoft Visual Studio Solution File, Format Version 12.00
# Visual Studio 15
VisualStudioVersion = 15.0.27004.2005
MinimumVisualStudioVersion = 10.0.40219.1
Project("{F184B08F-C81C-45F6-A57F-5ABD9991F28F}") = "Chat App", "Chat App\Chat App.vbproj", "{FA8E5C2A-9C17-4A13-8DD6-1F9C41951CFD}"
EndProject
Global
	GlobalSection(SolutionConfigurationPlatforms) = preSolution
		Debug|Any CPU = Debug|Any CPU
		Release|Any CPU = Release|Any CPU
	EndGlobalSection
	GlobalSection(ProjectConfigurationPlatforms) = postSolution
		{FA8E5C2A-9C17-4A13-8DD6-1F9C41951CFD}.Debug|Any CPU.ActiveCfg = Debug|Any CPU
		{FA8E5C2A-9C17-4A13-8DD6-1F9C41951CFD}.Debug|Any CPU.Build.0 = Debug|Any CPU
		{FA8E5C2A-9C17-4A13-8DD6-1F9C41951CFD}.Release|Any CPU.ActiveCfg = Release|Any CPU
		{FA8E5C2A-9C17-4A13-8DD6-1F9C41951CFD}.Release|Any CPU.Build.0 = Release|Any CPU
	EndGlobalSection
	GlobalSection(SolutionProperties) = preSolution
		HideSolutionNode = FALSE
	EndGlobalSection
	GlobalSection(ExtensibilityGlobals) = postSolution
		SolutionGuid = {89C3BE23-A6F5-401F-A81E-508475C96694}
	EndGlobalSection
EndGlobal
